
Microsoft Visual Studio Solution File, Format Version 12.00
# Visual Studio Version 17
VisualStudioVersion = 17.7.34202.233
MinimumVisualStudioVersion = 10.0.40219.1
Project("{9A19103F-16F7-4668-BE54-9A1E7A4F7556}") = "CarRentalManagement.Server", "CarRentalManagement\Server\CarRentalManagement.Server.csproj", "{FFF8E22F-CEEE-47D7-88CE-66CC00BCB35C}"
EndProject
Project("{9A19103F-16F7-4668-BE54-9A1E7A4F7556}") = "CarRentalManagement.Client", "CarRentalManagement\Client\CarRentalManagement.Client.csproj", "{1955925B-5E75-4344-A18F-72E1533A6456}"
EndProject
Project("{9A19103F-16F7-4668-BE54-9A1E7A4F7556}") = "CarRentalManagement.Shared", "CarRentalManagement\Shared\CarRentalManagement.Shared.csproj", "{8C5FE50E-9DCB-4D1A-A09E-47B97D92801F}"
EndProject
Global
	GlobalSection(SolutionConfigurationPlatforms) = preSolution
		Debug|Any CPU = Debug|Any CPU
		Release|Any CPU = Release|Any CPU
	EndGlobalSection
	GlobalSection(ProjectConfigurationPlatforms) = postSolution
		{FFF8E22F-CEEE-47D7-88CE-66CC00BCB35C}.Debug|Any CPU.ActiveCfg = Debug|Any CPU
		{FFF8E22F-CEEE-47D7-88CE-66CC00BCB35C}.Debug|Any CPU.Build.0 = Debug|Any CPU
		{FFF8E22F-CEEE-47D7-88CE-66CC00BCB35C}.Release|Any CPU.ActiveCfg = Release|Any CPU
		{FFF8E22F-CEEE-47D7-88CE-66CC00BCB35C}.Release|Any CPU.Build.0 = Release|Any CPU
		{1955925B-5E75-4344-A18F-72E1533A6456}.Debug|Any CPU.ActiveCfg = Debug|Any CPU
		{1955925B-5E75-4344-A18F-72E1533A6456}.Debug|Any CPU.Build.0 = Debug|Any CPU
		{1955925B-5E75-4344-A18F-72E1533A6456}.Release|Any CPU.ActiveCfg = Release|Any CPU
		{1955925B-5E75-4344-A18F-72E1533A6456}.Release|Any CPU.Build.0 = Release|Any CPU
		{8C5FE50E-9DCB-4D1A-A09E-47B97D92801F}.Debug|Any CPU.ActiveCfg = Debug|Any CPU
		{8C5FE50E-9DCB-4D1A-A09E-47B97D92801F}.Debug|Any CPU.Build.0 = Debug|Any CPU
		{8C5FE50E-9DCB-4D1A-A09E-47B97D92801F}.Release|Any CPU.ActiveCfg = Release|Any CPU
		{8C5FE50E-9DCB-4D1A-A09E-47B97D92801F}.Release|Any CPU.Build.0 = Release|Any CPU
	EndGlobalSection
	GlobalSection(SolutionProperties) = preSolution
		HideSolutionNode = FALSE
	EndGlobalSection
	GlobalSection(ExtensibilityGlobals) = postSolution
		SolutionGuid = {88A914B4-78C3-40C7-862F-F3ED0C73E4F2}
	EndGlobalSection
EndGlobal
